
Microsoft Visual Studio Solution File, Format Version 12.00
# Visual Studio Version 16
VisualStudioVersion = 16.0.31205.134
MinimumVisualStudioVersion = 10.0.40219.1
Project("{FAE04EC0-301F-11D3-BF4B-00C04F79EFBC}") = "Properties", "Properties.csproj", "{1A30882F-7DA6-4E0D-841E-255139654B07}"
EndProject
Global
	GlobalSection(SolutionConfigurationPlatforms) = preSolution
		Debug|Any CPU = Debug|Any CPU
		Release|Any CPU = Release|Any CPU
	EndGlobalSection
	GlobalSection(ProjectConfigurationPlatforms) = postSolution
		{1A30882F-7DA6-4E0D-841E-255139654B07}.Debug|Any CPU.ActiveCfg = Debug|Any CPU
		{1A30882F-7DA6-4E0D-841E-255139654B07}.Debug|Any CPU.Build.0 = Debug|Any CPU
		{1A30882F-7DA6-4E0D-841E-255139654B07}.Release|Any CPU.ActiveCfg = Release|Any CPU
		{1A30882F-7DA6-4E0D-841E-255139654B07}.Release|Any CPU.Build.0 = Release|Any CPU
	EndGlobalSection
	GlobalSection(SolutionProperties) = preSolution
		HideSolutionNode = FALSE
	EndGlobalSection
	GlobalSection(ExtensibilityGlobals) = postSolution
		SolutionGuid = {C081E883-A2E1-4810-9D19-D9F4BB056D3C}
	EndGlobalSection
EndGlobal
